
Microsoft Visual Studio Solution File, Format Version 12.00
# Visual Studio Version 16
VisualStudioVersion = 16.0.29215.179
MinimumVisualStudioVersion = 10.0.40219.1
Project("{FAE04EC0-301F-11D3-BF4B-00C04F79EFBC}") = "Playnite.StoreSpoofer", "src\Playnite.StoreSpoofer.csproj", "{BF3D053D-143A-4A2A-8589-326CFA49EA37}"
EndProject
Global
	GlobalSection(SolutionConfigurationPlatforms) = preSolution
		Debug|Any CPU = Debug|Any CPU
		Debug|x86 = Debug|x86
		Release|Any CPU = Release|Any CPU
		Release|x86 = Release|x86
	EndGlobalSection
	GlobalSection(ProjectConfigurationPlatforms) = postSolution
		{BF3D053D-143A-4A2A-8589-326CFA49EA37}.Debug|Any CPU.ActiveCfg = Debug|Any CPU
		{BF3D053D-143A-4A2A-8589-326CFA49EA37}.Debug|Any CPU.Build.0 = Debug|Any CPU
		{BF3D053D-143A-4A2A-8589-326CFA49EA37}.Debug|x86.ActiveCfg = Debug|Any CPU
		{BF3D053D-143A-4A2A-8589-326CFA49EA37}.Debug|x86.Build.0 = Debug|Any CPU
		{BF3D053D-143A-4A2A-8589-326CFA49EA37}.Release|Any CPU.ActiveCfg = Release|Any CPU
		{BF3D053D-143A-4A2A-8589-326CFA49EA37}.Release|Any CPU.Build.0 = Release|Any CPU
		{BF3D053D-143A-4A2A-8589-326CFA49EA37}.Release|x86.ActiveCfg = Release|Any CPU
		{BF3D053D-143A-4A2A-8589-326CFA49EA37}.Release|x86.Build.0 = Release|Any CPU
	EndGlobalSection
	GlobalSection(SolutionProperties) = preSolution
		HideSolutionNode = FALSE
	EndGlobalSection
	GlobalSection(NestedProjects) = preSolution
	EndGlobalSection
	GlobalSection(ExtensibilityGlobals) = postSolution
		SolutionGuid = {3300FF38-9F6F-4C0F-87F3-776D6C64846D}
	EndGlobalSection
	GlobalSection(Performance) = preSolution
		HasPerformanceSessions = true
	EndGlobalSection
	GlobalSection(Performance) = preSolution
		HasPerformanceSessions = true
	EndGlobalSection
	GlobalSection(Performance) = preSolution
		HasPerformanceSessions = true
	EndGlobalSection
	GlobalSection(Performance) = preSolution
		HasPerformanceSessions = true
	EndGlobalSection
	GlobalSection(Performance) = preSolution
		HasPerformanceSessions = true
	EndGlobalSection
	GlobalSection(Performance) = preSolution
		HasPerformanceSessions = true
	EndGlobalSection
	GlobalSection(Performance) = preSolution
		HasPerformanceSessions = true
	EndGlobalSection
EndGlobal
